// !$*UTF8*$!
{
	archiveVersion = 1;
	classes = {
	};
	objectVersion = 46;
	objects = {

/* Begin PBXBuildFile section */
		49CC25881C52767200053944 /* Subtitler.h in Headers */ = {isa = PBXBuildFile; fileRef = 49CC25871C52767200053944 /* Subtitler.h */; settings = {ATTRIBUTES = (Public, ); }; };
		49CC258F1C52767200053944 /* Subtitler.framework in Frameworks */ = {isa = PBXBuildFile; fileRef = 49CC25841C52767200053944 /* Subtitler.framework */; };
		49CC25941C52767200053944 /* SubtitlerTests.swift in Sources */ = {isa = PBXBuildFile; fileRef = 49CC25931C52767200053944 /* SubtitlerTests.swift */; };
		49CC259F1C5276BB00053944 /* FileHash.swift in Sources */ = {isa = PBXBuildFile; fileRef = 49CC259E1C5276BB00053944 /* FileHash.swift */; };
		49CC25A11C5283AA00053944 /* Subtitler.swift in Sources */ = {isa = PBXBuildFile; fileRef = 49CC25A01C5283AA00053944 /* Subtitler.swift */; };
		49CC25A31C52858D00053944 /* OpenSubtitles.swift in Sources */ = {isa = PBXBuildFile; fileRef = 49CC25A21C52858D00053944 /* OpenSubtitles.swift */; };
		A46A680C6B0A19CC19089E9A /* Pods_Subtitler.framework in Frameworks */ = {isa = PBXBuildFile; fileRef = 8C2B05B996541052A0EF882E /* Pods_Subtitler.framework */; };
/* End PBXBuildFile section */

/* Begin PBXContainerItemProxy section */
		49CC25901C52767200053944 /* PBXContainerItemProxy */ = {
			isa = PBXContainerItemProxy;
			containerPortal = 49CC257B1C52767200053944 /* Project object */;
			proxyType = 1;
			remoteGlobalIDString = 49CC25831C52767200053944;
			remoteInfo = Subtitler;
		};
/* End PBXContainerItemProxy section */

/* Begin PBXFileReference section */
		17008E65A4F935F1D76DADD4 /* Pods-Subtitler.release.xcconfig */ = {isa = PBXFileReference; includeInIndex = 1; lastKnownFileType = text.xcconfig; name = "Pods-Subtitler.release.xcconfig"; path = "Pods/Target Support Files/Pods-Subtitler/Pods-Subtitler.release.xcconfig"; sourceTree = "<group>"; };
		3F0849D2F090DAB78296A1FD /* Pods-Subtitler.debug.xcconfig */ = {isa = PBXFileReference; includeInIndex = 1; lastKnownFileType = text.xcconfig; name = "Pods-Subtitler.debug.xcconfig"; path = "Pods/Target Support Files/Pods-Subtitler/Pods-Subtitler.debug.xcconfig"; sourceTree = "<group>"; };
		49CC25841C52767200053944 /* Subtitler.framework */ = {isa = PBXFileReference; explicitFileType = wrapper.framework; includeInIndex = 0; path = Subtitler.framework; sourceTree = BUILT_PRODUCTS_DIR; };
		49CC25871C52767200053944 /* Subtitler.h */ = {isa = PBXFileReference; lastKnownFileType = sourcecode.c.h; path = Subtitler.h; sourceTree = "<group>"; };
		49CC25891C52767200053944 /* Info.plist */ = {isa = PBXFileReference; lastKnownFileType = text.plist.xml; path = Info.plist; sourceTree = "<group>"; };
		49CC258E1C52767200053944 /* SubtitlerTests.xctest */ = {isa = PBXFileReference; explicitFileType = wrapper.cfbundle; includeInIndex = 0; path = SubtitlerTests.xctest; sourceTree = BUILT_PRODUCTS_DIR; };
		49CC25931C52767200053944 /* SubtitlerTests.swift */ = {isa = PBXFileReference; lastKnownFileType = sourcecode.swift; path = SubtitlerTests.swift; sourceTree = "<group>"; };
		49CC25951C52767200053944 /* Info.plist */ = {isa = PBXFileReference; lastKnownFileType = text.plist.xml; path = Info.plist; sourceTree = "<group>"; };
		49CC259E1C5276BB00053944 /* FileHash.swift */ = {isa = PBXFileReference; fileEncoding = 4; lastKnownFileType = sourcecode.swift; path = FileHash.swift; sourceTree = "<group>"; };
		49CC25A01C5283AA00053944 /* Subtitler.swift */ = {isa = PBXFileReference; fileEncoding = 4; lastKnownFileType = sourcecode.swift; path = Subtitler.swift; sourceTree = "<group>"; };
		49CC25A21C52858D00053944 /* OpenSubtitles.swift */ = {isa = PBXFileReference; fileEncoding = 4; lastKnownFileType = sourcecode.swift; path = OpenSubtitles.swift; sourceTree = "<group>"; };
		8C2B05B996541052A0EF882E /* Pods_Subtitler.framework */ = {isa = PBXFileReference; explicitFileType = wrapper.framework; includeInIndex = 0; path = Pods_Subtitler.framework; sourceTree = BUILT_PRODUCTS_DIR; };
/* End PBXFileReference section */

/* Begin PBXFrameworksBuildPhase section */
		49CC25801C52767200053944 /* Frameworks */ = {
			isa = PBXFrameworksBuildPhase;
			buildActionMask = 2147483647;
			files = (
				A46A680C6B0A19CC19089E9A /* Pods_Subtitler.framework in Frameworks */,
			);
			runOnlyForDeploymentPostprocessing = 0;
		};
		49CC258B1C52767200053944 /* Frameworks */ = {
			isa = PBXFrameworksBuildPhase;
			buildActionMask = 2147483647;
			files = (
				49CC258F1C52767200053944 /* Subtitler.framework in Frameworks */,
			);
			runOnlyForDeploymentPostprocessing = 0;
		};
/* End PBXFrameworksBuildPhase section */

/* Begin PBXGroup section */
		1FD55E7AA7629B047C380941 /* Frameworks */ = {
			isa = PBXGroup;
			children = (
				8C2B05B996541052A0EF882E /* Pods_Subtitler.framework */,
			);
			name = Frameworks;
			sourceTree = "<group>";
		};
		49CC257A1C52767200053944 = {
			isa = PBXGroup;
			children = (
				49CC25861C52767200053944 /* Subtitler */,
				49CC25921C52767200053944 /* SubtitlerTests */,
				49CC25851C52767200053944 /* Products */,
				CBD91C1D0793230317A5BC73 /* Pods */,
				1FD55E7AA7629B047C380941 /* Frameworks */,
			);
			sourceTree = "<group>";
		};
		49CC25851C52767200053944 /* Products */ = {
			isa = PBXGroup;
			children = (
				49CC25841C52767200053944 /* Subtitler.framework */,
				49CC258E1C52767200053944 /* SubtitlerTests.xctest */,
			);
			name = Products;
			sourceTree = "<group>";
		};
		49CC25861C52767200053944 /* Subtitler */ = {
			isa = PBXGroup;
			children = (
				49CC259E1C5276BB00053944 /* FileHash.swift */,
				49CC25871C52767200053944 /* Subtitler.h */,
				49CC25891C52767200053944 /* Info.plist */,
				49CC25A01C5283AA00053944 /* Subtitler.swift */,
				49CC25A21C52858D00053944 /* OpenSubtitles.swift */,
			);
			path = Subtitler;
			sourceTree = "<group>";
		};
		49CC25921C52767200053944 /* SubtitlerTests */ = {
			isa = PBXGroup;
			children = (
				49CC25931C52767200053944 /* SubtitlerTests.swift */,
				49CC25951C52767200053944 /* Info.plist */,
			);
			path = SubtitlerTests;
			sourceTree = "<group>";
		};
		CBD91C1D0793230317A5BC73 /* Pods */ = {
			isa = PBXGroup;
			children = (
				3F0849D2F090DAB78296A1FD /* Pods-Subtitler.debug.xcconfig */,
				17008E65A4F935F1D76DADD4 /* Pods-Subtitler.release.xcconfig */,
			);
			name = Pods;
			sourceTree = "<group>";
		};
/* End PBXGroup section */

/* Begin PBXHeadersBuildPhase section */
		49CC25811C52767200053944 /* Headers */ = {
			isa = PBXHeadersBuildPhase;
			buildActionMask = 2147483647;
			files = (
				49CC25881C52767200053944 /* Subtitler.h in Headers */,
			);
			runOnlyForDeploymentPostprocessing = 0;
		};
/* End PBXHeadersBuildPhase section */

/* Begin PBXNativeTarget section */
		49CC25831C52767200053944 /* Subtitler */ = {
			isa = PBXNativeTarget;
			buildConfigurationList = 49CC25981C52767200053944 /* Build configuration list for PBXNativeTarget "Subtitler" */;
			buildPhases = (
				C8418E72623893E9DF25340E /* Check Pods Manifest.lock */,
				49CC257F1C52767200053944 /* Sources */,
				49CC25801C52767200053944 /* Frameworks */,
				49CC25811C52767200053944 /* Headers */,
				49CC25821C52767200053944 /* Resources */,
				DFC5F6FDC3AA8377CCE8440B /* Copy Pods Resources */,
			);
			buildRules = (
			);
			dependencies = (
			);
			name = Subtitler;
			productName = Subtitler;
			productReference = 49CC25841C52767200053944 /* Subtitler.framework */;
			productType = "com.apple.product-type.framework";
		};
		49CC258D1C52767200053944 /* SubtitlerTests */ = {
			isa = PBXNativeTarget;
			buildConfigurationList = 49CC259B1C52767200053944 /* Build configuration list for PBXNativeTarget "SubtitlerTests" */;
			buildPhases = (
				49CC258A1C52767200053944 /* Sources */,
				49CC258B1C52767200053944 /* Frameworks */,
				49CC258C1C52767200053944 /* Resources */,
			);
			buildRules = (
			);
			dependencies = (
				49CC25911C52767200053944 /* PBXTargetDependency */,
			);
			name = SubtitlerTests;
			productName = SubtitlerTests;
			productReference = 49CC258E1C52767200053944 /* SubtitlerTests.xctest */;
			productType = "com.apple.product-type.bundle.unit-test";
		};
/* End PBXNativeTarget section */

/* Begin PBXProject section */
		49CC257B1C52767200053944 /* Project object */ = {
			isa = PBXProject;
			attributes = {
				LastSwiftUpdateCheck = 0720;
				LastUpgradeCheck = 0720;
				ORGANIZATIONNAME = mvader;
				TargetAttributes = {
					49CC25831C52767200053944 = {
						CreatedOnToolsVersion = 7.2;
					};
					49CC258D1C52767200053944 = {
						CreatedOnToolsVersion = 7.2;
					};
				};
			};
			buildConfigurationList = 49CC257E1C52767200053944 /* Build configuration list for PBXProject "Subtitler" */;
			compatibilityVersion = "Xcode 3.2";
			developmentRegion = English;
			hasScannedForEncodings = 0;
			knownRegions = (
				en,
			);
			mainGroup = 49CC257A1C52767200053944;
			productRefGroup = 49CC25851C52767200053944 /* Products */;
			projectDirPath = "";
			projectRoot = "";
			targets = (
				49CC25831C52767200053944 /* Subtitler */,
				49CC258D1C52767200053944 /* SubtitlerTests */,
			);
		};
/* End PBXProject section */

/* Begin PBXResourcesBuildPhase section */
		49CC25821C52767200053944 /* Resources */ = {
			isa = PBXResourcesBuildPhase;
			buildActionMask = 2147483647;
			files = (
			);
			runOnlyForDeploymentPostprocessing = 0;
		};
		49CC258C1C52767200053944 /* Resources */ = {
			isa = PBXResourcesBuildPhase;
			buildActionMask = 2147483647;
			files = (
			);
			runOnlyForDeploymentPostprocessing = 0;
		};
/* End PBXResourcesBuildPhase section */

/* Begin PBXShellScriptBuildPhase section */
		C8418E72623893E9DF25340E /* Check Pods Manifest.lock */ = {
			isa = PBXShellScriptBuildPhase;
			buildActionMask = 2147483647;
			files = (
			);
			inputPaths = (
			);
			name = "Check Pods Manifest.lock";
			outputPaths = (
			);
			runOnlyForDeploymentPostprocessing = 0;
			shellPath = /bin/sh;
			shellScript = "diff \"${PODS_ROOT}/../Podfile.lock\" \"${PODS_ROOT}/Manifest.lock\" > /dev/null\nif [[ $? != 0 ]] ; then\n    cat << EOM\nerror: The sandbox is not in sync with the Podfile.lock. Run 'pod install' or update your CocoaPods installation.\nEOM\n    exit 1\nfi\n";
			showEnvVarsInLog = 0;
		};
		DFC5F6FDC3AA8377CCE8440B /* Copy Pods Resources */ = {
			isa = PBXShellScriptBuildPhase;
			buildActionMask = 2147483647;
			files = (
			);
			inputPaths = (
			);
			name = "Copy Pods Resources";
			outputPaths = (
			);
			runOnlyForDeploymentPostprocessing = 0;
			shellPath = /bin/sh;
			shellScript = "\"${SRCROOT}/Pods/Target Support Files/Pods-Subtitler/Pods-Subtitler-resources.sh\"\n";
			showEnvVarsInLog = 0;
		};
/* End PBXShellScriptBuildPhase section */

/* Begin PBXSourcesBuildPhase section */
		49CC257F1C52767200053944 /* Sources */ = {
			isa = PBXSourcesBuildPhase;
			buildActionMask = 2147483647;
			files = (
				49CC25A11C5283AA00053944 /* Subtitler.swift in Sources */,
				49CC259F1C5276BB00053944 /* FileHash.swift in Sources */,
				49CC25A31C52858D00053944 /* OpenSubtitles.swift in Sources */,
			);
			runOnlyForDeploymentPostprocessing = 0;
		};
		49CC258A1C52767200053944 /* Sources */ = {
			isa = PBXSourcesBuildPhase;
			buildActionMask = 2147483647;
			files = (
				49CC25941C52767200053944 /* SubtitlerTests.swift in Sources */,
			);
			runOnlyForDeploymentPostprocessing = 0;
		};
/* End PBXSourcesBuildPhase section */

/* Begin PBXTargetDependency section */
		49CC25911C52767200053944 /* PBXTargetDependency */ = {
			isa = PBXTargetDependency;
			target = 49CC25831C52767200053944 /* Subtitler */;
			targetProxy = 49CC25901C52767200053944 /* PBXContainerItemProxy */;
		};
/* End PBXTargetDependency section */

/* Begin XCBuildConfiguration section */
		49CC25961C52767200053944 /* Debug */ = {
			isa = XCBuildConfiguration;
			buildSettings = {
				ALWAYS_SEARCH_USER_PATHS = NO;
				CLANG_CXX_LANGUAGE_STANDARD = "gnu++0x";
				CLANG_CXX_LIBRARY = "libc++";
				CLANG_ENABLE_MODULES = YES;
				CLANG_ENABLE_OBJC_ARC = YES;
				CLANG_WARN_BOOL_CONVERSION = YES;
				CLANG_WARN_CONSTANT_CONVERSION = YES;
				CLANG_WARN_DIRECT_OBJC_ISA_USAGE = YES_ERROR;
				CLANG_WARN_EMPTY_BODY = YES;
				CLANG_WARN_ENUM_CONVERSION = YES;
				CLANG_WARN_INT_CONVERSION = YES;
				CLANG_WARN_OBJC_ROOT_CLASS = YES_ERROR;
				CLANG_WARN_UNREACHABLE_CODE = YES;
				CLANG_WARN__DUPLICATE_METHOD_MATCH = YES;
				CODE_SIGN_IDENTITY = "-";
				COPY_PHASE_STRIP = NO;
				CURRENT_PROJECT_VERSION = 1;
				DEBUG_INFORMATION_FORMAT = dwarf;
				ENABLE_STRICT_OBJC_MSGSEND = YES;
				ENABLE_TESTABILITY = YES;
				GCC_C_LANGUAGE_STANDARD = gnu99;
				GCC_DYNAMIC_NO_PIC = NO;
				GCC_NO_COMMON_BLOCKS = YES;
				GCC_OPTIMIZATION_LEVEL = 0;
				GCC_PREPROCESSOR_DEFINITIONS = (
					"DEBUG=1",
					"$(inherited)",
				);
				GCC_WARN_64_TO_32_BIT_CONVERSION = YES;
				GCC_WARN_ABOUT_RETURN_TYPE = YES_ERROR;
				GCC_WARN_UNDECLARED_SELECTOR = YES;
				GCC_WARN_UNINITIALIZED_AUTOS = YES_AGGRESSIVE;
				GCC_WARN_UNUSED_FUNCTION = YES;
				GCC_WARN_UNUSED_VARIABLE = YES;
				MACOSX_DEPLOYMENT_TARGET = 10.11;
				MTL_ENABLE_DEBUG_INFO = YES;
				ONLY_ACTIVE_ARCH = YES;
				SDKROOT = macosx;
				SWIFT_OPTIMIZATION_LEVEL = "-Onone";
				VERSIONING_SYSTEM = "apple-generic";
				VERSION_INFO_PREFIX = "";
			};
			name = Debug;
		};
		49CC25971C52767200053944 /* Release */ = {
			isa = XCBuildConfiguration;
			buildSettings = {
				ALWAYS_SEARCH_USER_PATHS = NO;
				CLANG_CXX_LANGUAGE_STANDARD = "gnu++0x";
				CLANG_CXX_LIBRARY = "libc++";
				CLANG_ENABLE_MODULES = YES;
				CLANG_ENABLE_OBJC_ARC = YES;
				CLANG_WARN_BOOL_CONVERSION = YES;
				CLANG_WARN_CONSTANT_CONVERSION = YES;
				CLANG_WARN_DIRECT_OBJC_ISA_USAGE = YES_ERROR;
				CLANG_WARN_EMPTY_BODY = YES;
				CLANG_WARN_ENUM_CONVERSION = YES;
				CLANG_WARN_INT_CONVERSION = YES;
				CLANG_WARN_OBJC_ROOT_CLASS = YES_ERROR;
				CLANG_WARN_UNREACHABLE_CODE = YES;
				CLANG_WARN__DUPLICATE_METHOD_MATCH = YES;
				CODE_SIGN_IDENTITY = "-";
				COPY_PHASE_STRIP = NO;
				CURRENT_PROJECT_VERSION = 1;
				DEBUG_INFORMATION_FORMAT = "dwarf-with-dsym";
				ENABLE_NS_ASSERTIONS = NO;
				ENABLE_STRICT_OBJC_MSGSEND = YES;
				GCC_C_LANGUAGE_STANDARD = gnu99;
				GCC_NO_COMMON_BLOCKS = YES;
				GCC_WARN_64_TO_32_BIT_CONVERSION = YES;
				GCC_WARN_ABOUT_RETURN_TYPE = YES_ERROR;
				GCC_WARN_UNDECLARED_SELECTOR = YES;
				GCC_WARN_UNINITIALIZED_AUTOS = YES_AGGRESSIVE;
				GCC_WARN_UNUSED_FUNCTION = YES;
				GCC_WARN_UNUSED_VARIABLE = YES;
				MACOSX_DEPLOYMENT_TARGET = 10.11;
				MTL_ENABLE_DEBUG_INFO = NO;
				SDKROOT = macosx;
				VERSIONING_SYSTEM = "apple-generic";
				VERSION_INFO_PREFIX = "";
			};
			name = Release;
		};
		49CC25991C52767200053944 /* Debug */ = {
			isa = XCBuildConfiguration;
			baseConfigurationReference = 3F0849D2F090DAB78296A1FD /* Pods-Subtitler.debug.xcconfig */;
			buildSettings = {
				COMBINE_HIDPI_IMAGES = YES;
				DEFINES_MODULE = YES;
				DYLIB_COMPATIBILITY_VERSION = 1;
				DYLIB_CURRENT_VERSION = 1;
				DYLIB_INSTALL_NAME_BASE = "@rpath";
				FRAMEWORK_VERSION = A;
				INFOPLIST_FILE = Subtitler/Info.plist;
				INSTALL_PATH = "$(LOCAL_LIBRARY_DIR)/Frameworks";
				LD_RUNPATH_SEARCH_PATHS = "$(inherited) @executable_path/../Frameworks @loader_path/Frameworks";
				PRODUCT_BUNDLE_IDENTIFIER = me.mvader.Subtitler;
				PRODUCT_NAME = "$(TARGET_NAME)";
				SKIP_INSTALL = YES;
			};
			name = Debug;
		};
		49CC259A1C52767200053944 /* Release */ = {
			isa = XCBuildConfiguration;
			baseConfigurationReference = 17008E65A4F935F1D76DADD4 /* Pods-Subtitler.release.xcconfig */;
			buildSettings = {
				COMBINE_HIDPI_IMAGES = YES;
				DEFINES_MODULE = YES;
				DYLIB_COMPATIBILITY_VERSION = 1;
				DYLIB_CURRENT_VERSION = 1;
				DYLIB_INSTALL_NAME_BASE = "@rpath";
				FRAMEWORK_VERSION = A;
				INFOPLIST_FILE = Subtitler/Info.plist;
				INSTALL_PATH = "$(LOCAL_LIBRARY_DIR)/Frameworks";
				LD_RUNPATH_SEARCH_PATHS = "$(inherited) @executable_path/../Frameworks @loader_path/Frameworks";
				PRODUCT_BUNDLE_IDENTIFIER = me.mvader.Subtitler;
				PRODUCT_NAME = "$(TARGET_NAME)";
				SKIP_INSTALL = YES;
			};
			name = Release;
		};
		49CC259C1C52767200053944 /* Debug */ = {
			isa = XCBuildConfiguration;
			buildSettings = {
				COMBINE_HIDPI_IMAGES = YES;
				INFOPLIST_FILE = SubtitlerTests/Info.plist;
				LD_RUNPATH_SEARCH_PATHS = "$(inherited) @executable_path/../Frameworks @loader_path/../Frameworks";
				PRODUCT_BUNDLE_IDENTIFIER = me.mvader.SubtitlerTests;
				PRODUCT_NAME = "$(TARGET_NAME)";
			};
			name = Debug;
		};
		49CC259D1C52767200053944 /* Release */ = {
			isa = XCBuildConfiguration;
			buildSettings = {
				COMBINE_HIDPI_IMAGES = YES;
				INFOPLIST_FILE = SubtitlerTests/Info.plist;
				LD_RUNPATH_SEARCH_PATHS = "$(inherited) @executable_path/../Frameworks @loader_path/../Frameworks";
				PRODUCT_BUNDLE_IDENTIFIER = me.mvader.SubtitlerTests;
				PRODUCT_NAME = "$(TARGET_NAME)";
			};
			name = Release;
		};
/* End XCBuildConfiguration section */

/* Begin XCConfigurationList section */
		49CC257E1C52767200053944 /* Build configuration list for PBXProject "Subtitler" */ = {
			isa = XCConfigurationList;
			buildConfigurations = (
				49CC25961C52767200053944 /* Debug */,
				49CC25971C52767200053944 /* Release */,
			);
			defaultConfigurationIsVisible = 0;
			defaultConfigurationName = Release;
		};
		49CC25981C52767200053944 /* Build configuration list for PBXNativeTarget "Subtitler" */ = {
			isa = XCConfigurationList;
			buildConfigurations = (
				49CC25991C52767200053944 /* Debug */,
				49CC259A1C52767200053944 /* Release */,
			);
			defaultConfigurationIsVisible = 0;
			defaultConfigurationName = Release;
		};
		49CC259B1C52767200053944 /* Build configuration list for PBXNativeTarget "SubtitlerTests" */ = {
			isa = XCConfigurationList;
			buildConfigurations = (
				49CC259C1C52767200053944 /* Debug */,
				49CC259D1C52767200053944 /* Release */,
			);
			defaultConfigurationIsVisible = 0;
			defaultConfigurationName = Release;
		};
/* End XCConfigurationList section */
	};
	rootObject = 49CC257B1C52767200053944 /* Project object */;
}
